
Microsoft Visual Studio Solution File, Format Version 12.00
# Visual Studio Version 16
VisualStudioVersion = 25.0.1703.2
MinimumVisualStudioVersion = 10.0.40219.1
Project("{2150E333-8FDC-42A3-9474-1A3956D46DE8}") = "ForRunners", "ForRunners", "{EA2DFB95-D871-4E5B-AD89-FE216BD929C0}"
EndProject
Project("{2150E333-8FDC-42A3-9474-1A3956D46DE8}") = "Domain", "Domain", "{42196534-2B4E-45C4-B39B-071EDD3E6877}"
EndProject
Project("{FAE04EC0-301F-11D3-BF4B-00C04F79EFBC}") = "Running.Domain", "Running.Domain\Running.Domain.csproj", "{B26B702F-81E4-4795-8B32-D556BD29EE76}"
EndProject
Project("{2150E333-8FDC-42A3-9474-1A3956D46DE8}") = "Application", "Application", "{E8903E14-64C8-40DA-A9AF-E5BBA8DFE5D4}"
EndProject
Project("{FAE04EC0-301F-11D3-BF4B-00C04F79EFBC}") = "Running.Application", "Running.Application\Running.Application.csproj", "{E7F55A3A-0337-4EC0-B5DB-C326901442E7}"
EndProject
Project("{2150E333-8FDC-42A3-9474-1A3956D46DE8}") = "Infrastructure", "Infrastructure", "{1F24E6A6-DFC1-404D-9270-82B846859F06}"
EndProject
Project("{2150E333-8FDC-42A3-9474-1A3956D46DE8}") = "API", "API", "{881962F8-FC4B-4C97-B23D-122E9697BB71}"
EndProject
Project("{FAE04EC0-301F-11D3-BF4B-00C04F79EFBC}") = "Running.Infrastructure", "Running.Infrastructure\Running.Infrastructure.csproj", "{3B8CAD66-B5F0-4FF4-A746-3BD70DCF8AD7}"
EndProject
Project("{FAE04EC0-301F-11D3-BF4B-00C04F79EFBC}") = "Running.API", "Running.API\Running.API.csproj", "{5FF20E70-4467-4FB3-A90C-2F2341818D0E}"
EndProject
Project("{2150E333-8FDC-42A3-9474-1A3956D46DE8}") = "Users", "Users", "{B7D3BF41-C150-45BE-85ED-195A9C8E2DE5}"
EndProject
Project("{2150E333-8FDC-42A3-9474-1A3956D46DE8}") = "Domain", "Domain", "{959202C9-4188-4F4C-8BA6-56F12B175166}"
EndProject
Project("{FAE04EC0-301F-11D3-BF4B-00C04F79EFBC}") = "AccountManager.Domain", "AccountManager.Domain\AccountManager.Domain.csproj", "{9E310815-7BA1-4E8B-A891-A980CC037B03}"
EndProject
Project("{2150E333-8FDC-42A3-9474-1A3956D46DE8}") = "Application", "Application", "{5C2F1B3F-1B4A-4492-881B-2308110ACBBC}"
EndProject
Project("{FAE04EC0-301F-11D3-BF4B-00C04F79EFBC}") = "AccountManager.Application", "AccountManager.Application\AccountManager.Application.csproj", "{AEB4C5A3-79EB-4E7D-AE66-A5A09A5AD0CA}"
EndProject
Project("{2150E333-8FDC-42A3-9474-1A3956D46DE8}") = "Infrastructure", "Infrastructure", "{8A2D104D-5CEC-4D37-8DD0-BD07405610AF}"
EndProject
Project("{FAE04EC0-301F-11D3-BF4B-00C04F79EFBC}") = "AccountManager.Infrastructure", "AccountManager.Infrastructure\AccountManager.Infrastructure.csproj", "{2D5E2760-FC8A-45FC-B81D-ADB1D3F408E1}"
EndProject
Project("{2150E333-8FDC-42A3-9474-1A3956D46DE8}") = "API", "API", "{BFBD49BD-523C-4C37-B148-65BEFC69BFC0}"
EndProject
Project("{FAE04EC0-301F-11D3-BF4B-00C04F79EFBC}") = "AccountManager.API", "AccountManager.API\AccountManager.API.csproj", "{B9E039E9-9BD5-442F-A510-745AEF9E6115}"
EndProject
Project("{2150E333-8FDC-42A3-9474-1A3956D46DE8}") = "Gateway", "Gateway", "{ABB61360-A696-4BBF-A782-0508A66F02A1}"
EndProject
Project("{FAE04EC0-301F-11D3-BF4B-00C04F79EFBC}") = "Gateway", "Gateway\Gateway.csproj", "{6DA69B27-63A1-4995-BA6C-B21EBF45A34F}"
EndProject
Global
	GlobalSection(SolutionConfigurationPlatforms) = preSolution
		Debug|Any CPU = Debug|Any CPU
		Release|Any CPU = Release|Any CPU
	EndGlobalSection
	GlobalSection(ProjectConfigurationPlatforms) = postSolution
		{B26B702F-81E4-4795-8B32-D556BD29EE76}.Debug|Any CPU.ActiveCfg = Debug|Any CPU
		{B26B702F-81E4-4795-8B32-D556BD29EE76}.Debug|Any CPU.Build.0 = Debug|Any CPU
		{B26B702F-81E4-4795-8B32-D556BD29EE76}.Release|Any CPU.ActiveCfg = Release|Any CPU
		{B26B702F-81E4-4795-8B32-D556BD29EE76}.Release|Any CPU.Build.0 = Release|Any CPU
		{E7F55A3A-0337-4EC0-B5DB-C326901442E7}.Debug|Any CPU.ActiveCfg = Debug|Any CPU
		{E7F55A3A-0337-4EC0-B5DB-C326901442E7}.Debug|Any CPU.Build.0 = Debug|Any CPU
		{E7F55A3A-0337-4EC0-B5DB-C326901442E7}.Release|Any CPU.ActiveCfg = Release|Any CPU
		{E7F55A3A-0337-4EC0-B5DB-C326901442E7}.Release|Any CPU.Build.0 = Release|Any CPU
		{3B8CAD66-B5F0-4FF4-A746-3BD70DCF8AD7}.Debug|Any CPU.ActiveCfg = Debug|Any CPU
		{3B8CAD66-B5F0-4FF4-A746-3BD70DCF8AD7}.Debug|Any CPU.Build.0 = Debug|Any CPU
		{3B8CAD66-B5F0-4FF4-A746-3BD70DCF8AD7}.Release|Any CPU.ActiveCfg = Release|Any CPU
		{3B8CAD66-B5F0-4FF4-A746-3BD70DCF8AD7}.Release|Any CPU.Build.0 = Release|Any CPU
		{5FF20E70-4467-4FB3-A90C-2F2341818D0E}.Debug|Any CPU.ActiveCfg = Debug|Any CPU
		{5FF20E70-4467-4FB3-A90C-2F2341818D0E}.Debug|Any CPU.Build.0 = Debug|Any CPU
		{5FF20E70-4467-4FB3-A90C-2F2341818D0E}.Release|Any CPU.ActiveCfg = Release|Any CPU
		{5FF20E70-4467-4FB3-A90C-2F2341818D0E}.Release|Any CPU.Build.0 = Release|Any CPU
		{9E310815-7BA1-4E8B-A891-A980CC037B03}.Debug|Any CPU.ActiveCfg = Debug|Any CPU
		{9E310815-7BA1-4E8B-A891-A980CC037B03}.Debug|Any CPU.Build.0 = Debug|Any CPU
		{9E310815-7BA1-4E8B-A891-A980CC037B03}.Release|Any CPU.ActiveCfg = Release|Any CPU
		{9E310815-7BA1-4E8B-A891-A980CC037B03}.Release|Any CPU.Build.0 = Release|Any CPU
		{AEB4C5A3-79EB-4E7D-AE66-A5A09A5AD0CA}.Debug|Any CPU.ActiveCfg = Debug|Any CPU
		{AEB4C5A3-79EB-4E7D-AE66-A5A09A5AD0CA}.Debug|Any CPU.Build.0 = Debug|Any CPU
		{AEB4C5A3-79EB-4E7D-AE66-A5A09A5AD0CA}.Release|Any CPU.ActiveCfg = Release|Any CPU
		{AEB4C5A3-79EB-4E7D-AE66-A5A09A5AD0CA}.Release|Any CPU.Build.0 = Release|Any CPU
		{2D5E2760-FC8A-45FC-B81D-ADB1D3F408E1}.Debug|Any CPU.ActiveCfg = Debug|Any CPU
		{2D5E2760-FC8A-45FC-B81D-ADB1D3F408E1}.Debug|Any CPU.Build.0 = Debug|Any CPU
		{2D5E2760-FC8A-45FC-B81D-ADB1D3F408E1}.Release|Any CPU.ActiveCfg = Release|Any CPU
		{2D5E2760-FC8A-45FC-B81D-ADB1D3F408E1}.Release|Any CPU.Build.0 = Release|Any CPU
		{B9E039E9-9BD5-442F-A510-745AEF9E6115}.Debug|Any CPU.ActiveCfg = Debug|Any CPU
		{B9E039E9-9BD5-442F-A510-745AEF9E6115}.Debug|Any CPU.Build.0 = Debug|Any CPU
		{B9E039E9-9BD5-442F-A510-745AEF9E6115}.Release|Any CPU.ActiveCfg = Release|Any CPU
		{B9E039E9-9BD5-442F-A510-745AEF9E6115}.Release|Any CPU.Build.0 = Release|Any CPU
		{6DA69B27-63A1-4995-BA6C-B21EBF45A34F}.Debug|Any CPU.ActiveCfg = Debug|Any CPU
		{6DA69B27-63A1-4995-BA6C-B21EBF45A34F}.Debug|Any CPU.Build.0 = Debug|Any CPU
		{6DA69B27-63A1-4995-BA6C-B21EBF45A34F}.Release|Any CPU.ActiveCfg = Release|Any CPU
		{6DA69B27-63A1-4995-BA6C-B21EBF45A34F}.Release|Any CPU.Build.0 = Release|Any CPU
	EndGlobalSection
	GlobalSection(SolutionProperties) = preSolution
		HideSolutionNode = FALSE
	EndGlobalSection
	GlobalSection(ExtensibilityGlobals) = postSolution
		SolutionGuid = {4A37B828-8C8A-4B5D-94CE-D2838F6EF748}
	EndGlobalSection
	GlobalSection(NestedProjects) = preSolution
		{42196534-2B4E-45C4-B39B-071EDD3E6877} = {EA2DFB95-D871-4E5B-AD89-FE216BD929C0}
		{B26B702F-81E4-4795-8B32-D556BD29EE76} = {42196534-2B4E-45C4-B39B-071EDD3E6877}
		{E8903E14-64C8-40DA-A9AF-E5BBA8DFE5D4} = {EA2DFB95-D871-4E5B-AD89-FE216BD929C0}
		{E7F55A3A-0337-4EC0-B5DB-C326901442E7} = {E8903E14-64C8-40DA-A9AF-E5BBA8DFE5D4}
		{1F24E6A6-DFC1-404D-9270-82B846859F06} = {EA2DFB95-D871-4E5B-AD89-FE216BD929C0}
		{881962F8-FC4B-4C97-B23D-122E9697BB71} = {EA2DFB95-D871-4E5B-AD89-FE216BD929C0}
		{3B8CAD66-B5F0-4FF4-A746-3BD70DCF8AD7} = {1F24E6A6-DFC1-404D-9270-82B846859F06}
		{5FF20E70-4467-4FB3-A90C-2F2341818D0E} = {881962F8-FC4B-4C97-B23D-122E9697BB71}
		{959202C9-4188-4F4C-8BA6-56F12B175166} = {B7D3BF41-C150-45BE-85ED-195A9C8E2DE5}
		{9E310815-7BA1-4E8B-A891-A980CC037B03} = {959202C9-4188-4F4C-8BA6-56F12B175166}
		{5C2F1B3F-1B4A-4492-881B-2308110ACBBC} = {B7D3BF41-C150-45BE-85ED-195A9C8E2DE5}
		{AEB4C5A3-79EB-4E7D-AE66-A5A09A5AD0CA} = {5C2F1B3F-1B4A-4492-881B-2308110ACBBC}
		{8A2D104D-5CEC-4D37-8DD0-BD07405610AF} = {B7D3BF41-C150-45BE-85ED-195A9C8E2DE5}
		{2D5E2760-FC8A-45FC-B81D-ADB1D3F408E1} = {8A2D104D-5CEC-4D37-8DD0-BD07405610AF}
		{BFBD49BD-523C-4C37-B148-65BEFC69BFC0} = {B7D3BF41-C150-45BE-85ED-195A9C8E2DE5}
		{B9E039E9-9BD5-442F-A510-745AEF9E6115} = {BFBD49BD-523C-4C37-B148-65BEFC69BFC0}
		{6DA69B27-63A1-4995-BA6C-B21EBF45A34F} = {ABB61360-A696-4BBF-A782-0508A66F02A1}
	EndGlobalSection
EndGlobal
